
Microsoft Visual Studio Solution File, Format Version 12.00
# Visual Studio Version 17
VisualStudioVersion = 17.2.32210.308
MinimumVisualStudioVersion = 10.0.40219.1
Project("{FAE04EC0-301F-11D3-BF4B-00C04F79EFBC}") = "APIDemoGit", "APIDemoGit\APIDemoGit.csproj", "{2A802DEC-29B5-484C-86D0-0D669B42104B}"
EndProject
Global
	GlobalSection(SolutionConfigurationPlatforms) = preSolution
		Debug|Any CPU = Debug|Any CPU
		Release|Any CPU = Release|Any CPU
	EndGlobalSection
	GlobalSection(ProjectConfigurationPlatforms) = postSolution
		{2A802DEC-29B5-484C-86D0-0D669B42104B}.Debug|Any CPU.ActiveCfg = Debug|Any CPU
		{2A802DEC-29B5-484C-86D0-0D669B42104B}.Debug|Any CPU.Build.0 = Debug|Any CPU
		{2A802DEC-29B5-484C-86D0-0D669B42104B}.Release|Any CPU.ActiveCfg = Release|Any CPU
		{2A802DEC-29B5-484C-86D0-0D669B42104B}.Release|Any CPU.Build.0 = Release|Any CPU
	EndGlobalSection
	GlobalSection(SolutionProperties) = preSolution
		HideSolutionNode = FALSE
	EndGlobalSection
	GlobalSection(ExtensibilityGlobals) = postSolution
		SolutionGuid = {4B5483CB-EA91-4190-B4AF-F6EAD910AD8A}
	EndGlobalSection
EndGlobal
